
Microsoft Visual Studio Solution File, Format Version 12.00
# Visual Studio Version 17
VisualStudioVersion = 17.4.33213.308
MinimumVisualStudioVersion = 10.0.40219.1
Project("{FAE04EC0-301F-11D3-BF4B-00C04F79EFBC}") = "ModSettingsConverter", "ModSettingsConverter\ModSettingsConverter.csproj", "{A16DE121-AF0E-40F0-AC3D-507126719ADE}"
EndProject
Global
	GlobalSection(SolutionConfigurationPlatforms) = preSolution
		Debug|Any CPU = Debug|Any CPU
		Release|Any CPU = Release|Any CPU
	EndGlobalSection
	GlobalSection(ProjectConfigurationPlatforms) = postSolution
		{A16DE121-AF0E-40F0-AC3D-507126719ADE}.Debug|Any CPU.ActiveCfg = Debug|Any CPU
		{A16DE121-AF0E-40F0-AC3D-507126719ADE}.Debug|Any CPU.Build.0 = Debug|Any CPU
		{A16DE121-AF0E-40F0-AC3D-507126719ADE}.Release|Any CPU.ActiveCfg = Release|Any CPU
		{A16DE121-AF0E-40F0-AC3D-507126719ADE}.Release|Any CPU.Build.0 = Release|Any CPU
	EndGlobalSection
	GlobalSection(SolutionProperties) = preSolution
		HideSolutionNode = FALSE
	EndGlobalSection
	GlobalSection(ExtensibilityGlobals) = postSolution
		SolutionGuid = {DB3E1EF4-D6D5-4156-931B-DF896CA4E508}
	EndGlobalSection
EndGlobal
